
Microsoft Visual Studio Solution File, Format Version 12.00
# Visual Studio Version 16
VisualStudioVersion = 16.0.31019.35
MinimumVisualStudioVersion = 10.0.40219.1
Project("{2150E333-8FDC-42A3-9474-1A3956D46DE8}") = "Stone.Clientes", "Stone.Clientes", "{8582272C-17B2-4812-9A1A-44D8D7EF8FC4}"
EndProject
Project("{2150E333-8FDC-42A3-9474-1A3956D46DE8}") = "Stone.Cobrancas", "Stone.Cobrancas", "{59B6362C-775A-4992-A6A4-F635D4B171DB}"
EndProject
Project("{2150E333-8FDC-42A3-9474-1A3956D46DE8}") = "Utils", "Utils", "{D3F87910-482E-450C-964A-39F3FFD1C085}"
EndProject
Project("{9A19103F-16F7-4668-BE54-9A1E7A4F7556}") = "Stone.Clientes.API", "src\Stone.Clientes\Stone.Clientes.API\Stone.Clientes.API.csproj", "{DBC7988A-4F3A-4B9C-A9C4-F3A904F735BD}"
EndProject
Project("{9A19103F-16F7-4668-BE54-9A1E7A4F7556}") = "Stone.Clientes.Application", "src\Stone.Clientes\Stone.Clientes.Application\Stone.Clientes.Application.csproj", "{5EB0B180-CF9E-4498-AF1F-4883D1C6198F}"
EndProject
Project("{9A19103F-16F7-4668-BE54-9A1E7A4F7556}") = "Stone.Clientes.Data", "src\Stone.Clientes\Stone.Clientes.Data\Stone.Clientes.Data.csproj", "{4FBA4672-FB00-4554-9E5A-E64E749331AE}"
EndProject
Project("{9A19103F-16F7-4668-BE54-9A1E7A4F7556}") = "Stone.Cobrancas.API", "src\Stone.Cobrancas\Stone.Cobrancas.API\Stone.Cobrancas.API.csproj", "{B6247EDD-35F5-48B5-A27B-78A68CB2487B}"
EndProject
Project("{9A19103F-16F7-4668-BE54-9A1E7A4F7556}") = "Stone.Cobrancas.Worker", "src\Stone.Cobrancas\Stone.Cobrancas.Worker\Stone.Cobrancas.Worker.csproj", "{C86E52C5-5F82-46DC-807D-9B74D098514E}"
EndProject
Project("{9A19103F-16F7-4668-BE54-9A1E7A4F7556}") = "Stone.Cobrancas.Data", "src\Stone.Cobrancas\Stone.Cobrancas.Data\Stone.Cobrancas.Data.csproj", "{82EDA603-C14D-4002-A076-3E5A51CA7BDB}"
EndProject
Project("{9A19103F-16F7-4668-BE54-9A1E7A4F7556}") = "Stone.Cobrancas.Application", "src\Stone.Cobrancas\Stone.Cobrancas.Application\Stone.Cobrancas.Application.csproj", "{D3C94926-2A64-406A-B369-DF80719F97B5}"
EndProject
Project("{2150E333-8FDC-42A3-9474-1A3956D46DE8}") = "src", "src", "{D21A8052-58D6-46A0-AF7C-5FC3B1C5A1A1}"
EndProject
Project("{2150E333-8FDC-42A3-9474-1A3956D46DE8}") = "test", "test", "{09F87E40-D467-4E56-B760-A73BD201A6DD}"
EndProject
Project("{9A19103F-16F7-4668-BE54-9A1E7A4F7556}") = "Stone.Clientes.Domain", "src\Stone.Clientes\Stone.Clientes.Domain\Stone.Clientes.Domain.csproj", "{BF1B2FFD-61D9-48C5-9097-0D0D8EE58993}"
EndProject
Project("{2150E333-8FDC-42A3-9474-1A3956D46DE8}") = "Stone.Clientes", "Stone.Clientes", "{526E2FB1-5BBF-4095-920D-E6793BD8F148}"
EndProject
Project("{9A19103F-16F7-4668-BE54-9A1E7A4F7556}") = "Stone.Clientes.Data.Tests", "tests\1.Unitarios\Stone.Clientes.Data.Tests\Stone.Clientes.Data.Tests.csproj", "{F6E37762-0FCA-4DEE-BD36-1D53F85DD712}"
EndProject
Project("{9A19103F-16F7-4668-BE54-9A1E7A4F7556}") = "Stone.Clientes.Domain.Tests", "tests\1.Unitarios\Stone.Clientes.Domain.Tests\Stone.Clientes.Domain.Tests.csproj", "{1259DDBA-32B3-4362-8787-2D4C91A56A0A}"
EndProject
Project("{9A19103F-16F7-4668-BE54-9A1E7A4F7556}") = "Stone.Clientes.Application.Tests", "tests\1.Unitarios\Stone.Clientes.Application.Tests\Stone.Clientes.Application.Tests.csproj", "{7A76E641-70E1-4788-B8FB-ECD9853FA4E5}"
EndProject
Project("{9A19103F-16F7-4668-BE54-9A1E7A4F7556}") = "Stone.Clientes.API.Tests", "tests\1.Unitarios\Stone.Clientes.API.Tests\Stone.Clientes.API.Tests.csproj", "{D11E6606-0D88-45D5-9193-387F127D0F27}"
EndProject
Project("{2150E333-8FDC-42A3-9474-1A3956D46DE8}") = "1.Unitarios", "1.Unitarios", "{A8653CE0-4D21-4D81-AFFD-AE145ADDDA8D}"
EndProject
Project("{2150E333-8FDC-42A3-9474-1A3956D46DE8}") = "2.Integrados", "2.Integrados", "{66EBBFD2-6E00-4BA4-92F5-0EC0743D51A7}"
EndProject
Project("{2150E333-8FDC-42A3-9474-1A3956D46DE8}") = "3.Performance", "3.Performance", "{E5FFB60F-078A-4C26-A67C-4CA29338B0FC}"
EndProject
Project("{2150E333-8FDC-42A3-9474-1A3956D46DE8}") = "Utils", "Utils", "{E3681BD8-024C-4B14-826F-9C597F1F06F4}"
EndProject
Project("{9A19103F-16F7-4668-BE54-9A1E7A4F7556}") = "Stone.Cobrancas.Domain", "src\Stone.Cobrancas\Stone.Cobrancas.Domain\Stone.Cobrancas.Domain.csproj", "{ECF9AD6B-9D5C-4EFF-94E6-E335686FB90F}"
EndProject
Project("{2150E333-8FDC-42A3-9474-1A3956D46DE8}") = "Stone.Cobrancas", "Stone.Cobrancas", "{3634F5C7-48A6-4028-9C18-69A02B716A5C}"
EndProject
Project("{9A19103F-16F7-4668-BE54-9A1E7A4F7556}") = "Stone.Utils", "src\Stone.Util\Stone.Utils.csproj", "{1EB7D83F-BA9A-43B2-8359-F6B485AF9FA2}"
EndProject
Project("{9A19103F-16F7-4668-BE54-9A1E7A4F7556}") = "Stone.Utils.Tests", "tests\1.Unitarios\Utils\Stone.Utils.Tests\Stone.Utils.Tests.csproj", "{6D8169DE-C74F-47F8-994A-5DCBACD7D5C4}"
EndProject
Project("{9A19103F-16F7-4668-BE54-9A1E7A4F7556}") = "Stone.Cobrancas.Domain.Tests", "tests\1.Unitarios\Stone.Cobrancas.Domain.Tests\Stone.Cobrancas.Domain.Tests.csproj", "{1847C789-CC0C-456B-A4DD-FE4F38C35735}"
EndProject
Project("{FAE04EC0-301F-11D3-BF4B-00C04F79EFBC}") = "Stone.Cobrancas.API.Tests", "tests\1.Unitarios\Stone.Cobrancas.API.Tests\Stone.Cobrancas.API.Tests.csproj", "{F0EB6FD5-D7C8-4EFD-B5D8-CFD964F815F9}"
EndProject
Project("{FAE04EC0-301F-11D3-BF4B-00C04F79EFBC}") = "Stone.Cobrancas.Application.Tests", "tests\1.Unitarios\Stone.Cobrancas.Application.Tests\Stone.Cobrancas.Application.Tests.csproj", "{4F3C5FE1-F25A-423E-9EB9-4CEA518C82D2}"
EndProject
Global
	GlobalSection(SolutionConfigurationPlatforms) = preSolution
		Debug|Any CPU = Debug|Any CPU
		Release|Any CPU = Release|Any CPU
	EndGlobalSection
	GlobalSection(ProjectConfigurationPlatforms) = postSolution
		{DBC7988A-4F3A-4B9C-A9C4-F3A904F735BD}.Debug|Any CPU.ActiveCfg = Debug|Any CPU
		{DBC7988A-4F3A-4B9C-A9C4-F3A904F735BD}.Debug|Any CPU.Build.0 = Debug|Any CPU
		{DBC7988A-4F3A-4B9C-A9C4-F3A904F735BD}.Release|Any CPU.ActiveCfg = Release|Any CPU
		{DBC7988A-4F3A-4B9C-A9C4-F3A904F735BD}.Release|Any CPU.Build.0 = Release|Any CPU
		{5EB0B180-CF9E-4498-AF1F-4883D1C6198F}.Debug|Any CPU.ActiveCfg = Debug|Any CPU
		{5EB0B180-CF9E-4498-AF1F-4883D1C6198F}.Debug|Any CPU.Build.0 = Debug|Any CPU
		{5EB0B180-CF9E-4498-AF1F-4883D1C6198F}.Release|Any CPU.ActiveCfg = Release|Any CPU
		{5EB0B180-CF9E-4498-AF1F-4883D1C6198F}.Release|Any CPU.Build.0 = Release|Any CPU
		{4FBA4672-FB00-4554-9E5A-E64E749331AE}.Debug|Any CPU.ActiveCfg = Debug|Any CPU
		{4FBA4672-FB00-4554-9E5A-E64E749331AE}.Debug|Any CPU.Build.0 = Debug|Any CPU
		{4FBA4672-FB00-4554-9E5A-E64E749331AE}.Release|Any CPU.ActiveCfg = Release|Any CPU
		{4FBA4672-FB00-4554-9E5A-E64E749331AE}.Release|Any CPU.Build.0 = Release|Any CPU
		{B6247EDD-35F5-48B5-A27B-78A68CB2487B}.Debug|Any CPU.ActiveCfg = Debug|Any CPU
		{B6247EDD-35F5-48B5-A27B-78A68CB2487B}.Debug|Any CPU.Build.0 = Debug|Any CPU
		{B6247EDD-35F5-48B5-A27B-78A68CB2487B}.Release|Any CPU.ActiveCfg = Release|Any CPU
		{B6247EDD-35F5-48B5-A27B-78A68CB2487B}.Release|Any CPU.Build.0 = Release|Any CPU
		{C86E52C5-5F82-46DC-807D-9B74D098514E}.Debug|Any CPU.ActiveCfg = Debug|Any CPU
		{C86E52C5-5F82-46DC-807D-9B74D098514E}.Debug|Any CPU.Build.0 = Debug|Any CPU
		{C86E52C5-5F82-46DC-807D-9B74D098514E}.Release|Any CPU.ActiveCfg = Release|Any CPU
		{C86E52C5-5F82-46DC-807D-9B74D098514E}.Release|Any CPU.Build.0 = Release|Any CPU
		{82EDA603-C14D-4002-A076-3E5A51CA7BDB}.Debug|Any CPU.ActiveCfg = Debug|Any CPU
		{82EDA603-C14D-4002-A076-3E5A51CA7BDB}.Debug|Any CPU.Build.0 = Debug|Any CPU
		{82EDA603-C14D-4002-A076-3E5A51CA7BDB}.Release|Any CPU.ActiveCfg = Release|Any CPU
		{82EDA603-C14D-4002-A076-3E5A51CA7BDB}.Release|Any CPU.Build.0 = Release|Any CPU
		{D3C94926-2A64-406A-B369-DF80719F97B5}.Debug|Any CPU.ActiveCfg = Debug|Any CPU
		{D3C94926-2A64-406A-B369-DF80719F97B5}.Debug|Any CPU.Build.0 = Debug|Any CPU
		{D3C94926-2A64-406A-B369-DF80719F97B5}.Release|Any CPU.ActiveCfg = Release|Any CPU
		{D3C94926-2A64-406A-B369-DF80719F97B5}.Release|Any CPU.Build.0 = Release|Any CPU
		{BF1B2FFD-61D9-48C5-9097-0D0D8EE58993}.Debug|Any CPU.ActiveCfg = Debug|Any CPU
		{BF1B2FFD-61D9-48C5-9097-0D0D8EE58993}.Debug|Any CPU.Build.0 = Debug|Any CPU
		{BF1B2FFD-61D9-48C5-9097-0D0D8EE58993}.Release|Any CPU.ActiveCfg = Release|Any CPU
		{BF1B2FFD-61D9-48C5-9097-0D0D8EE58993}.Release|Any CPU.Build.0 = Release|Any CPU
		{F6E37762-0FCA-4DEE-BD36-1D53F85DD712}.Debug|Any CPU.ActiveCfg = Debug|Any CPU
		{F6E37762-0FCA-4DEE-BD36-1D53F85DD712}.Debug|Any CPU.Build.0 = Debug|Any CPU
		{F6E37762-0FCA-4DEE-BD36-1D53F85DD712}.Release|Any CPU.ActiveCfg = Release|Any CPU
		{F6E37762-0FCA-4DEE-BD36-1D53F85DD712}.Release|Any CPU.Build.0 = Release|Any CPU
		{1259DDBA-32B3-4362-8787-2D4C91A56A0A}.Debug|Any CPU.ActiveCfg = Debug|Any CPU
		{1259DDBA-32B3-4362-8787-2D4C91A56A0A}.Debug|Any CPU.Build.0 = Debug|Any CPU
		{1259DDBA-32B3-4362-8787-2D4C91A56A0A}.Release|Any CPU.ActiveCfg = Release|Any CPU
		{1259DDBA-32B3-4362-8787-2D4C91A56A0A}.Release|Any CPU.Build.0 = Release|Any CPU
		{7A76E641-70E1-4788-B8FB-ECD9853FA4E5}.Debug|Any CPU.ActiveCfg = Debug|Any CPU
		{7A76E641-70E1-4788-B8FB-ECD9853FA4E5}.Debug|Any CPU.Build.0 = Debug|Any CPU
		{7A76E641-70E1-4788-B8FB-ECD9853FA4E5}.Release|Any CPU.ActiveCfg = Release|Any CPU
		{7A76E641-70E1-4788-B8FB-ECD9853FA4E5}.Release|Any CPU.Build.0 = Release|Any CPU
		{D11E6606-0D88-45D5-9193-387F127D0F27}.Debug|Any CPU.ActiveCfg = Debug|Any CPU
		{D11E6606-0D88-45D5-9193-387F127D0F27}.Debug|Any CPU.Build.0 = Debug|Any CPU
		{D11E6606-0D88-45D5-9193-387F127D0F27}.Release|Any CPU.ActiveCfg = Release|Any CPU
		{D11E6606-0D88-45D5-9193-387F127D0F27}.Release|Any CPU.Build.0 = Release|Any CPU
		{ECF9AD6B-9D5C-4EFF-94E6-E335686FB90F}.Debug|Any CPU.ActiveCfg = Debug|Any CPU
		{ECF9AD6B-9D5C-4EFF-94E6-E335686FB90F}.Debug|Any CPU.Build.0 = Debug|Any CPU
		{ECF9AD6B-9D5C-4EFF-94E6-E335686FB90F}.Release|Any CPU.ActiveCfg = Release|Any CPU
		{ECF9AD6B-9D5C-4EFF-94E6-E335686FB90F}.Release|Any CPU.Build.0 = Release|Any CPU
		{1EB7D83F-BA9A-43B2-8359-F6B485AF9FA2}.Debug|Any CPU.ActiveCfg = Debug|Any CPU
		{1EB7D83F-BA9A-43B2-8359-F6B485AF9FA2}.Debug|Any CPU.Build.0 = Debug|Any CPU
		{1EB7D83F-BA9A-43B2-8359-F6B485AF9FA2}.Release|Any CPU.ActiveCfg = Release|Any CPU
		{1EB7D83F-BA9A-43B2-8359-F6B485AF9FA2}.Release|Any CPU.Build.0 = Release|Any CPU
		{6D8169DE-C74F-47F8-994A-5DCBACD7D5C4}.Debug|Any CPU.ActiveCfg = Debug|Any CPU
		{6D8169DE-C74F-47F8-994A-5DCBACD7D5C4}.Debug|Any CPU.Build.0 = Debug|Any CPU
		{6D8169DE-C74F-47F8-994A-5DCBACD7D5C4}.Release|Any CPU.ActiveCfg = Release|Any CPU
		{6D8169DE-C74F-47F8-994A-5DCBACD7D5C4}.Release|Any CPU.Build.0 = Release|Any CPU
		{1847C789-CC0C-456B-A4DD-FE4F38C35735}.Debug|Any CPU.ActiveCfg = Debug|Any CPU
		{1847C789-CC0C-456B-A4DD-FE4F38C35735}.Debug|Any CPU.Build.0 = Debug|Any CPU
		{1847C789-CC0C-456B-A4DD-FE4F38C35735}.Release|Any CPU.ActiveCfg = Release|Any CPU
		{1847C789-CC0C-456B-A4DD-FE4F38C35735}.Release|Any CPU.Build.0 = Release|Any CPU
		{F0EB6FD5-D7C8-4EFD-B5D8-CFD964F815F9}.Debug|Any CPU.ActiveCfg = Debug|Any CPU
		{F0EB6FD5-D7C8-4EFD-B5D8-CFD964F815F9}.Debug|Any CPU.Build.0 = Debug|Any CPU
		{F0EB6FD5-D7C8-4EFD-B5D8-CFD964F815F9}.Release|Any CPU.ActiveCfg = Release|Any CPU
		{F0EB6FD5-D7C8-4EFD-B5D8-CFD964F815F9}.Release|Any CPU.Build.0 = Release|Any CPU
		{4F3C5FE1-F25A-423E-9EB9-4CEA518C82D2}.Debug|Any CPU.ActiveCfg = Debug|Any CPU
		{4F3C5FE1-F25A-423E-9EB9-4CEA518C82D2}.Debug|Any CPU.Build.0 = Debug|Any CPU
		{4F3C5FE1-F25A-423E-9EB9-4CEA518C82D2}.Release|Any CPU.ActiveCfg = Release|Any CPU
		{4F3C5FE1-F25A-423E-9EB9-4CEA518C82D2}.Release|Any CPU.Build.0 = Release|Any CPU
	EndGlobalSection
	GlobalSection(SolutionProperties) = preSolution
		HideSolutionNode = FALSE
	EndGlobalSection
	GlobalSection(NestedProjects) = preSolution
		{8582272C-17B2-4812-9A1A-44D8D7EF8FC4} = {D21A8052-58D6-46A0-AF7C-5FC3B1C5A1A1}
		{59B6362C-775A-4992-A6A4-F635D4B171DB} = {D21A8052-58D6-46A0-AF7C-5FC3B1C5A1A1}
		{D3F87910-482E-450C-964A-39F3FFD1C085} = {D21A8052-58D6-46A0-AF7C-5FC3B1C5A1A1}
		{DBC7988A-4F3A-4B9C-A9C4-F3A904F735BD} = {8582272C-17B2-4812-9A1A-44D8D7EF8FC4}
		{5EB0B180-CF9E-4498-AF1F-4883D1C6198F} = {8582272C-17B2-4812-9A1A-44D8D7EF8FC4}
		{4FBA4672-FB00-4554-9E5A-E64E749331AE} = {8582272C-17B2-4812-9A1A-44D8D7EF8FC4}
		{B6247EDD-35F5-48B5-A27B-78A68CB2487B} = {59B6362C-775A-4992-A6A4-F635D4B171DB}
		{C86E52C5-5F82-46DC-807D-9B74D098514E} = {59B6362C-775A-4992-A6A4-F635D4B171DB}
		{82EDA603-C14D-4002-A076-3E5A51CA7BDB} = {59B6362C-775A-4992-A6A4-F635D4B171DB}
		{D3C94926-2A64-406A-B369-DF80719F97B5} = {59B6362C-775A-4992-A6A4-F635D4B171DB}
		{BF1B2FFD-61D9-48C5-9097-0D0D8EE58993} = {8582272C-17B2-4812-9A1A-44D8D7EF8FC4}
		{526E2FB1-5BBF-4095-920D-E6793BD8F148} = {A8653CE0-4D21-4D81-AFFD-AE145ADDDA8D}
		{F6E37762-0FCA-4DEE-BD36-1D53F85DD712} = {526E2FB1-5BBF-4095-920D-E6793BD8F148}
		{1259DDBA-32B3-4362-8787-2D4C91A56A0A} = {526E2FB1-5BBF-4095-920D-E6793BD8F148}
		{7A76E641-70E1-4788-B8FB-ECD9853FA4E5} = {526E2FB1-5BBF-4095-920D-E6793BD8F148}
		{D11E6606-0D88-45D5-9193-387F127D0F27} = {526E2FB1-5BBF-4095-920D-E6793BD8F148}
		{A8653CE0-4D21-4D81-AFFD-AE145ADDDA8D} = {09F87E40-D467-4E56-B760-A73BD201A6DD}
		{66EBBFD2-6E00-4BA4-92F5-0EC0743D51A7} = {09F87E40-D467-4E56-B760-A73BD201A6DD}
		{E5FFB60F-078A-4C26-A67C-4CA29338B0FC} = {09F87E40-D467-4E56-B760-A73BD201A6DD}
		{E3681BD8-024C-4B14-826F-9C597F1F06F4} = {A8653CE0-4D21-4D81-AFFD-AE145ADDDA8D}
		{ECF9AD6B-9D5C-4EFF-94E6-E335686FB90F} = {59B6362C-775A-4992-A6A4-F635D4B171DB}
		{3634F5C7-48A6-4028-9C18-69A02B716A5C} = {A8653CE0-4D21-4D81-AFFD-AE145ADDDA8D}
		{1EB7D83F-BA9A-43B2-8359-F6B485AF9FA2} = {D3F87910-482E-450C-964A-39F3FFD1C085}
		{6D8169DE-C74F-47F8-994A-5DCBACD7D5C4} = {E3681BD8-024C-4B14-826F-9C597F1F06F4}
		{1847C789-CC0C-456B-A4DD-FE4F38C35735} = {3634F5C7-48A6-4028-9C18-69A02B716A5C}
		{F0EB6FD5-D7C8-4EFD-B5D8-CFD964F815F9} = {3634F5C7-48A6-4028-9C18-69A02B716A5C}
		{4F3C5FE1-F25A-423E-9EB9-4CEA518C82D2} = {3634F5C7-48A6-4028-9C18-69A02B716A5C}
	EndGlobalSection
	GlobalSection(ExtensibilityGlobals) = postSolution
		SolutionGuid = {B604D13C-4F1F-4B09-AD3E-EF36EA71ECB6}
	EndGlobalSection
EndGlobal
