{
  "version": 3,
  "targets": {
    "net5.0": {
      "dotnet-sonarscanner/5.0.4": {
        "type": "package"
      }
    },
    "net5.0/any": {
      "dotnet-sonarscanner/5.0.4": {
        "type": "package",
        "tools": {
          "tools/net5.0/any/DotnetToolSettings.xml": {},
          "tools/net5.0/any/Newtonsoft.Json.dll": {},
          "tools/net5.0/any/SonarQube.Analysis.xml": {},
          "tools/net5.0/any/SonarScanner.MSBuild.Common.dll": {},
          "tools/net5.0/any/SonarScanner.MSBuild.PostProcessor.dll": {},
          "tools/net5.0/any/SonarScanner.MSBuild.PreProcessor.dll": {},
          "tools/net5.0/any/SonarScanner.MSBuild.Shim.dll": {},
          "tools/net5.0/any/SonarScanner.MSBuild.Tasks.dll": {},
          "tools/net5.0/any/SonarScanner.MSBuild.dll": {},
          "tools/net5.0/any/SonarScanner.MSBuild.runtimeconfig.json": {},
          "tools/net5.0/any/Targets/SonarQube.Integration.ImportBefore.targets": {},
          "tools/net5.0/any/Targets/SonarQube.Integration.targets": {},
          "tools/net5.0/any/sonar-scanner-4.4.0.2170/bin/sonar-scanner": {},
          "tools/net5.0/any/sonar-scanner-4.4.0.2170/bin/sonar-scanner-debug": {},
          "tools/net5.0/any/sonar-scanner-4.4.0.2170/bin/sonar-scanner-debug.bat": {},
          "tools/net5.0/any/sonar-scanner-4.4.0.2170/bin/sonar-scanner.bat": {},
          "tools/net5.0/any/sonar-scanner-4.4.0.2170/conf/sonar-scanner.properties": {},
          "tools/net5.0/any/sonar-scanner-4.4.0.2170/lib/sonar-scanner-cli-4.4.0.2170.jar": {}
        }
      }
    }
  },
  "libraries": {
    "dotnet-sonarscanner/5.0.4": {
      "sha512": "vurbgHBnDBuhqRq8y/7iJMbbyyd5LJeeeQ3H2iDc8ZqKeVLDE9ZDUv1PaE2D714mS9V/6fkmGRj4f6hLVmrBMg==",
      "type": "package",
      "path": "dotnet-sonarscanner/5.0.4",
      "hasTools": true,
      "files": [
        ".nupkg.metadata",
        ".signature.p7s",
        "License.txt",
        "dotnet-sonarscanner.5.0.4.nupkg.sha512",
        "dotnet-sonarscanner.nuspec",
        "tools/net5.0/any/DotnetToolSettings.xml",
        "tools/net5.0/any/Newtonsoft.Json.dll",
        "tools/net5.0/any/SonarQube.Analysis.xml",
        "tools/net5.0/any/SonarScanner.MSBuild.Common.dll",
        "tools/net5.0/any/SonarScanner.MSBuild.PostProcessor.dll",
        "tools/net5.0/any/SonarScanner.MSBuild.PreProcessor.dll",
        "tools/net5.0/any/SonarScanner.MSBuild.Shim.dll",
        "tools/net5.0/any/SonarScanner.MSBuild.Tasks.dll",
        "tools/net5.0/any/SonarScanner.MSBuild.dll",
        "tools/net5.0/any/SonarScanner.MSBuild.runtimeconfig.json",
        "tools/net5.0/any/Targets/SonarQube.Integration.ImportBefore.targets",
        "tools/net5.0/any/Targets/SonarQube.Integration.targets",
        "tools/net5.0/any/sonar-scanner-4.4.0.2170/bin/sonar-scanner",
        "tools/net5.0/any/sonar-scanner-4.4.0.2170/bin/sonar-scanner-debug",
        "tools/net5.0/any/sonar-scanner-4.4.0.2170/bin/sonar-scanner-debug.bat",
        "tools/net5.0/any/sonar-scanner-4.4.0.2170/bin/sonar-scanner.bat",
        "tools/net5.0/any/sonar-scanner-4.4.0.2170/conf/sonar-scanner.properties",
        "tools/net5.0/any/sonar-scanner-4.4.0.2170/lib/sonar-scanner-cli-4.4.0.2170.jar",
        "tools/netcoreapp2.0/any/DotnetToolSettings.xml",
        "tools/netcoreapp2.0/any/Newtonsoft.Json.dll",
        "tools/netcoreapp2.0/any/SonarQube.Analysis.xml",
        "tools/netcoreapp2.0/any/SonarScanner.MSBuild.Common.dll",
        "tools/netcoreapp2.0/any/SonarScanner.MSBuild.PostProcessor.dll",
        "tools/netcoreapp2.0/any/SonarScanner.MSBuild.PreProcessor.dll",
        "tools/netcoreapp2.0/any/SonarScanner.MSBuild.Shim.dll",
        "tools/netcoreapp2.0/any/SonarScanner.MSBuild.Tasks.dll",
        "tools/netcoreapp2.0/any/SonarScanner.MSBuild.dll",
        "tools/netcoreapp2.0/any/SonarScanner.MSBuild.runtimeconfig.json",
        "tools/netcoreapp2.0/any/Targets/SonarQube.Integration.ImportBefore.targets",
        "tools/netcoreapp2.0/any/Targets/SonarQube.Integration.targets",
        "tools/netcoreapp2.0/any/sonar-scanner-4.4.0.2170/bin/sonar-scanner",
        "tools/netcoreapp2.0/any/sonar-scanner-4.4.0.2170/bin/sonar-scanner-debug",
        "tools/netcoreapp2.0/any/sonar-scanner-4.4.0.2170/bin/sonar-scanner-debug.bat",
        "tools/netcoreapp2.0/any/sonar-scanner-4.4.0.2170/bin/sonar-scanner.bat",
        "tools/netcoreapp2.0/any/sonar-scanner-4.4.0.2170/conf/sonar-scanner.properties",
        "tools/netcoreapp2.0/any/sonar-scanner-4.4.0.2170/lib/sonar-scanner-cli-4.4.0.2170.jar",
        "tools/netcoreapp3.0/any/DotnetToolSettings.xml",
        "tools/netcoreapp3.0/any/Newtonsoft.Json.dll",
        "tools/netcoreapp3.0/any/SonarQube.Analysis.xml",
        "tools/netcoreapp3.0/any/SonarScanner.MSBuild.Common.dll",
        "tools/netcoreapp3.0/any/SonarScanner.MSBuild.PostProcessor.dll",
        "tools/netcoreapp3.0/any/SonarScanner.MSBuild.PreProcessor.dll",
        "tools/netcoreapp3.0/any/SonarScanner.MSBuild.Shim.dll",
        "tools/netcoreapp3.0/any/SonarScanner.MSBuild.Tasks.dll",
        "tools/netcoreapp3.0/any/SonarScanner.MSBuild.dll",
        "tools/netcoreapp3.0/any/SonarScanner.MSBuild.runtimeconfig.json",
        "tools/netcoreapp3.0/any/Targets/SonarQube.Integration.ImportBefore.targets",
        "tools/netcoreapp3.0/any/Targets/SonarQube.Integration.targets",
        "tools/netcoreapp3.0/any/sonar-scanner-4.4.0.2170/bin/sonar-scanner",
        "tools/netcoreapp3.0/any/sonar-scanner-4.4.0.2170/bin/sonar-scanner-debug",
        "tools/netcoreapp3.0/any/sonar-scanner-4.4.0.2170/bin/sonar-scanner-debug.bat",
        "tools/netcoreapp3.0/any/sonar-scanner-4.4.0.2170/bin/sonar-scanner.bat",
        "tools/netcoreapp3.0/any/sonar-scanner-4.4.0.2170/conf/sonar-scanner.properties",
        "tools/netcoreapp3.0/any/sonar-scanner-4.4.0.2170/lib/sonar-scanner-cli-4.4.0.2170.jar"
      ]
    }
  },
  "projectFileDependencyGroups": {
    "net5.0": [
      "dotnet-sonarscanner >= *"
    ]
  },
  "packageFolders": {
    "C:\\Users\\jairo\\source\\repos\\DesafioStone\\.sonar\\scanner\\.store\\.stage\\5wt0wvfw.a2g": {}
  },
  "project": {
    "version": "1.0.0",
    "restore": {
      "projectUniqueName": "C:\\Users\\jairo\\AppData\\Local\\Temp\\odgccbke.q4m\\restore.csproj",
      "projectName": "restore",
      "projectPath": "C:\\Users\\jairo\\AppData\\Local\\Temp\\odgccbke.q4m\\restore.csproj",
      "packagesPath": "C:\\Users\\jairo\\source\\repos\\DesafioStone\\.sonar\\scanner\\.store\\.stage\\5wt0wvfw.a2g",
      "outputPath": "C:\\Users\\jairo\\source\\repos\\DesafioStone\\.sonar\\scanner\\.store\\.stage\\5wt0wvfw.a2g\\",
      "projectStyle": "DotnetToolReference",
      "configFilePaths": [
        "C:\\Users\\jairo\\AppData\\Roaming\\NuGet\\NuGet.Config",
        "C:\\Program Files (x86)\\NuGet\\Config\\Microsoft.VisualStudio.Offline.config"
      ],
      "originalTargetFrameworks": [
        "net5.0"
      ],
      "sources": {
        "C:\\Program Files (x86)\\Microsoft SDKs\\NuGetPackages\\": {},
        "https://api.nuget.org/v3/index.json": {}
      },
      "frameworks": {
        "net5.0": {
          "targetAlias": "net5.0",
          "projectReferences": {}
        }
      },
      "warningProperties": {
        "warnAsError": [
          "NU1605"
        ]
      }
    },
    "frameworks": {
      "net5.0": {
        "targetAlias": "net5.0",
        "dependencies": {
          "dotnet-sonarscanner": {
            "target": "Package",
            "version": "[*, )"
          }
        },
        "imports": [
          "net461",
          "net462",
          "net47",
          "net471",
          "net472",
          "net48"
        ],
        "assetTargetFallback": true,
        "warn": true,
        "runtimeIdentifierGraphPath": "C:\\Program Files\\dotnet\\sdk\\5.0.103\\RuntimeIdentifierGraph.json"
      }
    },
    "runtimes": {
      "any": {
        "#import": []
      }
    }
  }
}